<?xml version="1.0" encoding="utf-8"?>
<Project ToolsVersion="4.0" xmlns="http://schemas.microsoft.com/developer/msbuild/2003">
  <ItemGroup>
    <Filter Include="Source Files">
      <UniqueIdentifier>{4FC737F1-C7A5-4376-A066-2A32D752A2FF}</UniqueIdentifier>
      <Extensions>cpp;c;cc;cxx;def;odl;idl;hpj;bat;asm;asmx</Extensions>
    </Filter>
    <Filter Include="Header Files">
      <UniqueIdentifier>{93995380-89BD-4b04-88EB-625FBE52EBFB}</UniqueIdentifier>
      <Extensions>h;hh;hpp;hxx;hm;inl;inc;xsd</Extensions>
    </Filter>
    <Filter Include="Resource Files">
      <UniqueIdentifier>{67DA6AB6-F800-4c08-8B7A-83BB121AAD01}</UniqueIdentifier>
      <Extensions>rc;ico;cur;bmp;dlg;rc2;rct;bin;rgs;gif;jpg;jpeg;jpe;resx;tiff;tif;png;wav;mfcribbon-ms</Extensions>
    </Filter>
    <Filter Include="Header Files\Shader Files">
      <UniqueIdentifier>{a5314fd2-6a89-4923-807f-41edf4504dc2}</UniqueIdentifier>
    </Filter>
    <Filter Include="Source Files\Shader Files">
      <UniqueIdentifier>{a6998fbc-ca4d-46fb-87e5-e3556b32e64b}</UniqueIdentifier>
    </Filter>
    <Filter Include="Header Files\Utility Classes">
      <UniqueIdentifier>{a7b5fdcc-9e5f-4f66-bf48-4c3ec09063d1}</UniqueIdentifier>
    </Filter>
    <Filter Include="Source Files\Utility Classes">
      <UniqueIdentifier>{3c9be18c-2946-45b3-9678-04c45bc2b5e1}</UniqueIdentifier>
    </Filter>
    <Filter Include="Conventions">
      <UniqueIdentifier>{69f6d359-4809-4ea6-8303-406b16079cad}</UniqueIdentifier>
    </Filter>
    <Filter Include="Header Files\Actors">
      <UniqueIdentifier>{299c9e5c-a8be-4233-b75a-47e7b9c02e44}</UniqueIdentifier>
    </Filter>
    <Filter Include="Header Files\Algorithms">
      <UniqueIdentifier>{1ff1f17b-2e4f-45f5-aab5-1e1b46a16ff2}</UniqueIdentifier>
    </Filter>
    <Filter Include="Header Files\Models">
      <UniqueIdentifier>{baa394d0-d902-4eea-a9dd-5193ff96924e}</UniqueIdentifier>
    </Filter>
    <Filter Include="Source Files\Models">
      <UniqueIdentifier>{c3b1bb95-7f8a-490f-b2de-656be1dda7b4}</UniqueIdentifier>
    </Filter>
  </ItemGroup>
  <ItemGroup>
    <ClCompile Include="Main.cpp">
      <Filter>Source Files</Filter>
    </ClCompile>
    <ClCompile Include="Graphics.cpp">
      <Filter>Source Files</Filter>
    </ClCompile>
    <ClCompile Include="System.cpp">
      <Filter>Source Files</Filter>
    </ClCompile>
    <ClCompile Include="D2DGraphics.cpp">
      <Filter>Source Files</Filter>
    </ClCompile>
    <ClCompile Include="ImageLoader.cpp">
      <Filter>Source Files</Filter>
    </ClCompile>
    <ClCompile Include="D2DGraphics.cpp">
      <Filter>Source Files</Filter>
    </ClCompile>
    <ClCompile Include="ImageLoader.cpp">
      <Filter>Source Files</Filter>
    </ClCompile>
    <ClCompile Include="Camera.cpp">
      <Filter>Source Files</Filter>
    </ClCompile>
    <ClCompile Include="D3DGraphics.cpp">
      <Filter>Source Files</Filter>
    </ClCompile>
    <ClCompile Include="FontLoader.cpp">
      <Filter>Source Files</Filter>
    </ClCompile>
    <ClCompile Include="Game.cpp">
      <Filter>Source Files</Filter>
    </ClCompile>
    <ClCompile Include="Texture.cpp">
      <Filter>Source Files</Filter>
    </ClCompile>
    <ClCompile Include="Input.cpp">
      <Filter>Source Files</Filter>
    </ClCompile>
    <ClCompile Include="Wic.cpp">
      <Filter>Source Files</Filter>
    </ClCompile>
    <ClCompile Include="Overlay.cpp">
      <Filter>Source Files</Filter>
    </ClCompile>
    <ClCompile Include="Shader_Color.cpp">
      <Filter>Source Files\Shader Files</Filter>
    </ClCompile>
    <ClCompile Include="Shader_Texture.cpp">
      <Filter>Source Files\Shader Files</Filter>
    </ClCompile>
    <ClCompile Include="COMHandler.cpp">
      <Filter>Source Files\Utility Classes</Filter>
    </ClCompile>
    <ClCompile Include="TexturedPlane.cpp">
      <Filter>Source Files</Filter>
    </ClCompile>
    <ClCompile Include="PrimitiveFactory.cpp">
      <Filter>Source Files</Filter>
    </ClCompile>
    <ClCompile Include="Shader.cpp">
      <Filter>Source Files\Shader Files</Filter>
    </ClCompile>
    <ClCompile Include="GameView.cpp">
      <Filter>Source Files</Filter>
    </ClCompile>
    <ClCompile Include="Model.cpp">
      <Filter>Source Files\Models</Filter>
    </ClCompile>
    <ClCompile Include="Model_Colored.cpp">
      <Filter>Source Files\Models</Filter>
    </ClCompile>
    <ClCompile Include="Model_Textured.cpp">
      <Filter>Source Files\Models</Filter>
    </ClCompile>
  </ItemGroup>
  <ItemGroup>
    <ClInclude Include="Graphics.h">
      <Filter>Header Files</Filter>
    </ClInclude>
    <ClInclude Include="System.h">
      <Filter>Header Files</Filter>
    </ClInclude>
    <ClInclude Include="D2DGraphics.h">
      <Filter>Header Files</Filter>
    </ClInclude>
    <ClInclude Include="ImageLoader.h">
      <Filter>Header Files</Filter>
    </ClInclude>
    <ClInclude Include="D2DGraphics.h">
      <Filter>Header Files</Filter>
    </ClInclude>
    <ClInclude Include="ImageLoader.h">
      <Filter>Header Files</Filter>
    </ClInclude>
    <ClInclude Include="Camera.h">
      <Filter>Header Files</Filter>
    </ClInclude>
    <ClInclude Include="D3DGraphics.h">
      <Filter>Header Files</Filter>
    </ClInclude>
    <ClInclude Include="FontLoader.h">
      <Filter>Header Files</Filter>
    </ClInclude>
    <ClInclude Include="Game.h">
      <Filter>Header Files</Filter>
    </ClInclude>
    <ClInclude Include="Includes.h">
      <Filter>Header Files</Filter>
    </ClInclude>
    <ClInclude Include="Texture.h">
      <Filter>Header Files</Filter>
    </ClInclude>
    <ClInclude Include="TexturedPlane.h">
      <Filter>Header Files</Filter>
    </ClInclude>
    <ClInclude Include="Wic.h">
      <Filter>Header Files</Filter>
    </ClInclude>
    <ClInclude Include="Overlay.h">
      <Filter>Header Files</Filter>
    </ClInclude>
    <ClInclude Include="Input.h">
      <Filter>Header Files</Filter>
    </ClInclude>
    <ClInclude Include="Shader_Color.h">
      <Filter>Header Files\Shader Files</Filter>
    </ClInclude>
    <ClInclude Include="Shader_Texture.h">
      <Filter>Header Files\Shader Files</Filter>
    </ClInclude>
    <ClInclude Include="COMHandler.h">
      <Filter>Header Files\Utility Classes</Filter>
    </ClInclude>
    <ClInclude Include="Shader.h">
      <Filter>Header Files\Shader Files</Filter>
    </ClInclude>
    <ClInclude Include="PrimitiveFactory.h">
      <Filter>Header Files</Filter>
    </ClInclude>
    <ClInclude Include="GameView.h">
      <Filter>Header Files</Filter>
    </ClInclude>
    <ClInclude Include="Utilities.h">
      <Filter>Header Files\Utility Classes</Filter>
    </ClInclude>
    <ClInclude Include="Actor.h">
      <Filter>Header Files\Actors</Filter>
    </ClInclude>
    <ClInclude Include="Algorithm.h">
      <Filter>Header Files\Algorithms</Filter>
    </ClInclude>
    <ClInclude Include="Algorithm_Grid3D.h">
      <Filter>Header Files\Algorithms</Filter>
    </ClInclude>
    <ClInclude Include="Algorithm_Spiral3D.h">
      <Filter>Header Files\Algorithms</Filter>
    </ClInclude>
    <ClInclude Include="Actor_NPC.h">
      <Filter>Header Files\Actors</Filter>
    </ClInclude>
    <ClInclude Include="Actor_Player.h">
      <Filter>Header Files\Actors</Filter>
    </ClInclude>
    <ClInclude Include="Model.h">
      <Filter>Header Files\Models</Filter>
    </ClInclude>
    <ClInclude Include="Model_Colored.h">
      <Filter>Header Files\Models</Filter>
    </ClInclude>
    <ClInclude Include="Model_Textured.h">
      <Filter>Header Files\Models</Filter>
    </ClInclude>
  </ItemGroup>
  <ItemGroup>
    <Text Include="..\Development Guidelines.txt">
      <Filter>Conventions</Filter>
    </Text>
    <Text Include="Devel_Template.txt">
      <Filter>Conventions</Filter>
    </Text>
  </ItemGroup>
  <ItemGroup>
    <FxCompile Include="Shaders\Color_ps.hlsl" />
    <FxCompile Include="Shaders\Color_vs.hlsl" />
    <FxCompile Include="Shaders\texture_ps.hlsl" />
    <FxCompile Include="Shaders\texture_vs.hlsl" />
  </ItemGroup>
</Project>