<?xml version="1.0" encoding="utf-8"?>
<Project ToolsVersion="4.0" xmlns="http://schemas.microsoft.com/developer/msbuild/2003">
  <ItemGroup>
    <Filter Include="Source Files">
      <UniqueIdentifier>{4FC737F1-C7A5-4376-A066-2A32D752A2FF}</UniqueIdentifier>
      <Extensions>cpp;c;cc;cxx;def;odl;idl;hpj;bat;asm;asmx</Extensions>
    </Filter>
    <Filter Include="Header Files">
      <UniqueIdentifier>{93995380-89BD-4b04-88EB-625FBE52EBFB}</UniqueIdentifier>
      <Extensions>h;hh;hpp;hxx;hm;inl;inc;xsd</Extensions>
    </Filter>
    <Filter Include="Resource Files">
      <UniqueIdentifier>{67DA6AB6-F800-4c08-8B7A-83BB121AAD01}</UniqueIdentifier>
      <Extensions>rc;ico;cur;bmp;dlg;rc2;rct;bin;rgs;gif;jpg;jpeg;jpe;resx;tiff;tif;png;wav;mfcribbon-ms</Extensions>
    </Filter>
    <Filter Include="Header Files\Shader Files">
      <UniqueIdentifier>{a5314fd2-6a89-4923-807f-41edf4504dc2}</UniqueIdentifier>
    </Filter>
    <Filter Include="Source Files\Shader Files">
      <UniqueIdentifier>{a6998fbc-ca4d-46fb-87e5-e3556b32e64b}</UniqueIdentifier>
    </Filter>
    <Filter Include="Header Files\Utility Classes">
      <UniqueIdentifier>{a7b5fdcc-9e5f-4f66-bf48-4c3ec09063d1}</UniqueIdentifier>
    </Filter>
    <Filter Include="Source Files\Utility Classes">
      <UniqueIdentifier>{3c9be18c-2946-45b3-9678-04c45bc2b5e1}</UniqueIdentifier>
    </Filter>
    <Filter Include="Conventions">
      <UniqueIdentifier>{69f6d359-4809-4ea6-8303-406b16079cad}</UniqueIdentifier>
    </Filter>
    <Filter Include="Header Files\Messages">
      <UniqueIdentifier>{8650aef8-13e7-401a-ad49-479ef35d1cde}</UniqueIdentifier>
    </Filter>
    <Filter Include="Header Files\Actors">
      <UniqueIdentifier>{5031a83c-eda0-4dcf-9bc9-4cbf3ac3651c}</UniqueIdentifier>
    </Filter>
    <Filter Include="Header Files\Algorithms">
      <UniqueIdentifier>{93c7d9ef-42f0-4023-a2e3-018431a1ebb2}</UniqueIdentifier>
    </Filter>
    <Filter Include="Source Files\Actors">
      <UniqueIdentifier>{1e280fc4-f0a3-4e16-a709-ef5992c28281}</UniqueIdentifier>
    </Filter>
    <Filter Include="Source Files\Algorithms">
      <UniqueIdentifier>{4dc6d0a4-4a82-4b56-baae-cc920c081f70}</UniqueIdentifier>
    </Filter>
    <Filter Include="Source Files\Messages">
      <UniqueIdentifier>{0954f171-4722-4a5c-8f4f-9dd556d17a53}</UniqueIdentifier>
    </Filter>
    <Filter Include="Header Files\Models">
      <UniqueIdentifier>{57b82770-b620-48e9-82e6-c2641fea5b70}</UniqueIdentifier>
    </Filter>
    <Filter Include="Header Files\SubGames">
      <UniqueIdentifier>{241baa53-ff1a-4170-a02d-0a1e9a4b765a}</UniqueIdentifier>
    </Filter>
    <Filter Include="Source Files\Models">
      <UniqueIdentifier>{7a4df60f-dfe1-46ac-8172-86f4d3ea63d3}</UniqueIdentifier>
    </Filter>
    <Filter Include="Source Files\SubGames">
      <UniqueIdentifier>{14ad7c76-655f-4c44-b353-5d6973890e41}</UniqueIdentifier>
    </Filter>
    <Filter Include="Source Files\Overlays">
      <UniqueIdentifier>{2ad6e404-f5a3-4e83-ace9-e4f53b7795f7}</UniqueIdentifier>
    </Filter>
    <Filter Include="Header Files\Overlays">
      <UniqueIdentifier>{430ac553-6859-4297-8064-375504c1d923}</UniqueIdentifier>
    </Filter>
    <Filter Include="Header Files\Lighting">
      <UniqueIdentifier>{dfef4832-f806-4e77-bfef-7c80e7c77156}</UniqueIdentifier>
    </Filter>
    <Filter Include="Header Files\Shader Files\OBSOLETE">
      <UniqueIdentifier>{d963667b-1449-43bb-a654-e9d99909352b}</UniqueIdentifier>
    </Filter>
    <Filter Include="Source Files\Shader Files\Obsolete">
      <UniqueIdentifier>{f840eaf9-0449-44da-a452-b601c9abbaae}</UniqueIdentifier>
    </Filter>
    <Filter Include="Source Files\Lighting">
      <UniqueIdentifier>{bebe6841-1dba-4563-ae36-bc1ec7da6253}</UniqueIdentifier>
    </Filter>
  </ItemGroup>
  <ItemGroup>
    <ClCompile Include="Main.cpp">
      <Filter>Source Files</Filter>
    </ClCompile>
    <ClCompile Include="Graphics.cpp">
      <Filter>Source Files</Filter>
    </ClCompile>
    <ClCompile Include="System.cpp">
      <Filter>Source Files</Filter>
    </ClCompile>
    <ClCompile Include="D2DGraphics.cpp">
      <Filter>Source Files</Filter>
    </ClCompile>
    <ClCompile Include="ImageLoader.cpp">
      <Filter>Source Files</Filter>
    </ClCompile>
    <ClCompile Include="D2DGraphics.cpp">
      <Filter>Source Files</Filter>
    </ClCompile>
    <ClCompile Include="ImageLoader.cpp">
      <Filter>Source Files</Filter>
    </ClCompile>
    <ClCompile Include="D3DGraphics.cpp">
      <Filter>Source Files</Filter>
    </ClCompile>
    <ClCompile Include="FontLoader.cpp">
      <Filter>Source Files</Filter>
    </ClCompile>
    <ClCompile Include="Game.cpp">
      <Filter>Source Files</Filter>
    </ClCompile>
    <ClCompile Include="Texture.cpp">
      <Filter>Source Files</Filter>
    </ClCompile>
    <ClCompile Include="Input.cpp">
      <Filter>Source Files</Filter>
    </ClCompile>
    <ClCompile Include="Wic.cpp">
      <Filter>Source Files</Filter>
    </ClCompile>
    <ClCompile Include="COMHandler.cpp">
      <Filter>Source Files\Utility Classes</Filter>
    </ClCompile>
    <ClCompile Include="TexturedPlane.cpp">
      <Filter>Source Files</Filter>
    </ClCompile>
    <ClCompile Include="PrimitiveFactory.cpp">
      <Filter>Source Files</Filter>
    </ClCompile>
    <ClCompile Include="Board.cpp">
      <Filter>Source Files</Filter>
    </ClCompile>
    <ClCompile Include="TestBoard.cpp">
      <Filter>Source Files</Filter>
    </ClCompile>
    <ClCompile Include="GameView.cpp">
      <Filter>Source Files</Filter>
    </ClCompile>
    <ClCompile Include="Actor_Player_Alt.cpp">
      <Filter>Source Files\Actors</Filter>
    </ClCompile>
    <ClCompile Include="Algorithm_Maze.cpp">
      <Filter>Source Files\Algorithms</Filter>
    </ClCompile>
    <ClCompile Include="MessageBox_Goal.cpp">
      <Filter>Source Files\Messages</Filter>
    </ClCompile>
    <ClCompile Include="MessageBox_Title.cpp">
      <Filter>Source Files\Messages</Filter>
    </ClCompile>
    <ClCompile Include="Model_Colored.cpp">
      <Filter>Source Files\Models</Filter>
    </ClCompile>
    <ClCompile Include="Model_Textured.cpp">
      <Filter>Source Files\Models</Filter>
    </ClCompile>
    <ClCompile Include="Overlay.cpp">
      <Filter>Source Files\Overlays</Filter>
    </ClCompile>
    <ClCompile Include="Overlay_Base.cpp">
      <Filter>Source Files\Overlays</Filter>
    </ClCompile>
    <ClCompile Include="Overlay_Title.cpp">
      <Filter>Source Files\Overlays</Filter>
    </ClCompile>
    <ClCompile Include="Algorithm_Random.cpp">
      <Filter>Source Files\Algorithms</Filter>
    </ClCompile>
    <ClCompile Include="Utilities.cpp">
      <Filter>Source Files\Utility Classes</Filter>
    </ClCompile>
    <ClCompile Include="Camera.cpp">
      <Filter>Source Files</Filter>
    </ClCompile>
    <ClCompile Include="Game_FPS.cpp">
      <Filter>Source Files\SubGames</Filter>
    </ClCompile>
    <ClCompile Include="Actor.cpp">
      <Filter>Source Files\Actors</Filter>
    </ClCompile>
    <ClCompile Include="Actor_NPC.cpp">
      <Filter>Source Files\Actors</Filter>
    </ClCompile>
    <ClCompile Include="Algorithm_Grid3D.cpp">
      <Filter>Source Files\Algorithms</Filter>
    </ClCompile>
    <ClCompile Include="Algorithm_Spiral3D.cpp">
      <Filter>Source Files\Algorithms</Filter>
    </ClCompile>
    <ClCompile Include="Game_Maze.cpp">
      <Filter>Source Files\SubGames</Filter>
    </ClCompile>
    <ClCompile Include="Shader.cpp">
      <Filter>Source Files\Shader Files\Obsolete</Filter>
    </ClCompile>
    <ClCompile Include="Shader_Color.cpp">
      <Filter>Source Files\Shader Files\Obsolete</Filter>
    </ClCompile>
    <ClCompile Include="Shader_Lighting.cpp">
      <Filter>Source Files\Shader Files\Obsolete</Filter>
    </ClCompile>
    <ClCompile Include="Shader_PtLight.cpp">
      <Filter>Source Files\Shader Files\Obsolete</Filter>
    </ClCompile>
    <ClCompile Include="Shader_Sobel.cpp">
      <Filter>Source Files\Shader Files\Obsolete</Filter>
    </ClCompile>
    <ClCompile Include="Shader_Texture.cpp">
      <Filter>Source Files\Shader Files\Obsolete</Filter>
    </ClCompile>
    <ClCompile Include="Actor_Light.cpp">
      <Filter>Source Files\Actors</Filter>
    </ClCompile>
    <ClCompile Include="Model_TexturedNM.cpp">
      <Filter>Source Files\Models</Filter>
    </ClCompile>
    <ClCompile Include="Shader_NMap.cpp">
      <Filter>Source Files\Shader Files</Filter>
    </ClCompile>
    <ClCompile Include="Actor_Player.cpp">
      <Filter>Source Files\Actors</Filter>
    </ClCompile>
    <ClCompile Include="Physics.cpp">
      <Filter>Source Files</Filter>
    </ClCompile>
    <ClCompile Include="GameTimer.cpp">
      <Filter>Source Files</Filter>
    </ClCompile>
    <ClCompile Include="Scene.cpp">
      <Filter>Source Files</Filter>
    </ClCompile>
    <ClCompile Include="Light_Base.cpp">
      <Filter>Source Files\Lighting</Filter>
    </ClCompile>
    <ClCompile Include="Light_Diffuse.cpp">
      <Filter>Source Files\Lighting</Filter>
    </ClCompile>
    <ClCompile Include="Light_Point.cpp">
      <Filter>Source Files\Lighting</Filter>
    </ClCompile>
    <ClCompile Include="Light_Spot.cpp">
      <Filter>Source Files\Lighting</Filter>
    </ClCompile>
    <ClCompile Include="DXUtils.cpp">
      <Filter>Source Files\Utility Classes</Filter>
    </ClCompile>
    <ClCompile Include="MathUtils.cpp">
      <Filter>Source Files\Utility Classes</Filter>
    </ClCompile>
    <ClCompile Include="GameEvent.cpp">
      <Filter>Source Files</Filter>
    </ClCompile>
    <ClCompile Include="Actor_Static.cpp">
      <Filter>Source Files\Actors</Filter>
    </ClCompile>
    <ClCompile Include="Actor_Dynamic.cpp">
      <Filter>Source Files\Actors</Filter>
    </ClCompile>
  </ItemGroup>
  <ItemGroup>
    <ClInclude Include="Graphics.h">
      <Filter>Header Files</Filter>
    </ClInclude>
    <ClInclude Include="System.h">
      <Filter>Header Files</Filter>
    </ClInclude>
    <ClInclude Include="D2DGraphics.h">
      <Filter>Header Files</Filter>
    </ClInclude>
    <ClInclude Include="ImageLoader.h">
      <Filter>Header Files</Filter>
    </ClInclude>
    <ClInclude Include="D2DGraphics.h">
      <Filter>Header Files</Filter>
    </ClInclude>
    <ClInclude Include="ImageLoader.h">
      <Filter>Header Files</Filter>
    </ClInclude>
    <ClInclude Include="Camera.h">
      <Filter>Header Files</Filter>
    </ClInclude>
    <ClInclude Include="D3DGraphics.h">
      <Filter>Header Files</Filter>
    </ClInclude>
    <ClInclude Include="FontLoader.h">
      <Filter>Header Files</Filter>
    </ClInclude>
    <ClInclude Include="Game.h">
      <Filter>Header Files</Filter>
    </ClInclude>
    <ClInclude Include="Includes.h">
      <Filter>Header Files</Filter>
    </ClInclude>
    <ClInclude Include="Texture.h">
      <Filter>Header Files</Filter>
    </ClInclude>
    <ClInclude Include="TexturedPlane.h">
      <Filter>Header Files</Filter>
    </ClInclude>
    <ClInclude Include="Wic.h">
      <Filter>Header Files</Filter>
    </ClInclude>
    <ClInclude Include="Input.h">
      <Filter>Header Files</Filter>
    </ClInclude>
    <ClInclude Include="COMHandler.h">
      <Filter>Header Files\Utility Classes</Filter>
    </ClInclude>
    <ClInclude Include="PrimitiveFactory.h">
      <Filter>Header Files</Filter>
    </ClInclude>
    <ClInclude Include="GameView.h">
      <Filter>Header Files</Filter>
    </ClInclude>
    <ClInclude Include="Board.h">
      <Filter>Header Files</Filter>
    </ClInclude>
    <ClInclude Include="TestBoard.h">
      <Filter>Header Files</Filter>
    </ClInclude>
    <ClInclude Include="Utilities.h">
      <Filter>Header Files\Utility Classes</Filter>
    </ClInclude>
    <ClInclude Include="IGameState.h">
      <Filter>Header Files</Filter>
    </ClInclude>
    <ClInclude Include="IOverlay.h">
      <Filter>Header Files\Overlays</Filter>
    </ClInclude>
    <ClInclude Include="Overlay.h">
      <Filter>Header Files\Overlays</Filter>
    </ClInclude>
    <ClInclude Include="Overlay_Title.h">
      <Filter>Header Files\Overlays</Filter>
    </ClInclude>
    <ClInclude Include="Overlay_Base.h">
      <Filter>Header Files\Overlays</Filter>
    </ClInclude>
    <ClInclude Include="MessageBox_Goal.h">
      <Filter>Header Files\Messages</Filter>
    </ClInclude>
    <ClInclude Include="MessageBox_Title.h">
      <Filter>Header Files\Messages</Filter>
    </ClInclude>
    <ClInclude Include="Actor.h">
      <Filter>Header Files\Actors</Filter>
    </ClInclude>
    <ClInclude Include="Actor_Player_Alt.h">
      <Filter>Header Files\Actors</Filter>
    </ClInclude>
    <ClInclude Include="Algorithm.h">
      <Filter>Header Files\Algorithms</Filter>
    </ClInclude>
    <ClInclude Include="Algorithm_Grid3D.h">
      <Filter>Header Files\Algorithms</Filter>
    </ClInclude>
    <ClInclude Include="Algorithm_Maze.h">
      <Filter>Header Files\Algorithms</Filter>
    </ClInclude>
    <ClInclude Include="Algorithm_Spiral3D.h">
      <Filter>Header Files\Algorithms</Filter>
    </ClInclude>
    <ClInclude Include="Model.h">
      <Filter>Header Files\Models</Filter>
    </ClInclude>
    <ClInclude Include="Model_Textured.h">
      <Filter>Header Files\Models</Filter>
    </ClInclude>
    <ClInclude Include="ISubGame.h">
      <Filter>Header Files\SubGames</Filter>
    </ClInclude>
    <ClInclude Include="Algorithm_Random.h">
      <Filter>Header Files\Algorithms</Filter>
    </ClInclude>
    <ClInclude Include="Game_FPS.h">
      <Filter>Header Files\SubGames</Filter>
    </ClInclude>
    <ClInclude Include="Game_Maze.h">
      <Filter>Header Files\SubGames</Filter>
    </ClInclude>
    <ClInclude Include="ILight.h">
      <Filter>Header Files\Lighting</Filter>
    </ClInclude>
    <ClInclude Include="ILightDirection.h">
      <Filter>Header Files\Lighting</Filter>
    </ClInclude>
    <ClInclude Include="ILightPoint.h">
      <Filter>Header Files\Lighting</Filter>
    </ClInclude>
    <ClInclude Include="ILightSpot.h">
      <Filter>Header Files\Lighting</Filter>
    </ClInclude>
    <ClInclude Include="Light_Diffuse.h">
      <Filter>Header Files\Lighting</Filter>
    </ClInclude>
    <ClInclude Include="Light_Point.h">
      <Filter>Header Files\Lighting</Filter>
    </ClInclude>
    <ClInclude Include="Actor_Player.h">
      <Filter>Header Files\Actors</Filter>
    </ClInclude>
    <ClInclude Include="Actor_NPC.h">
      <Filter>Header Files\Actors</Filter>
    </ClInclude>
    <ClInclude Include="Shader.h">
      <Filter>Header Files\Shader Files\OBSOLETE</Filter>
    </ClInclude>
    <ClInclude Include="Shader_Color.h">
      <Filter>Header Files\Shader Files\OBSOLETE</Filter>
    </ClInclude>
    <ClInclude Include="Shader_Lighting.h">
      <Filter>Header Files\Shader Files\OBSOLETE</Filter>
    </ClInclude>
    <ClInclude Include="Shader_PtLight.h">
      <Filter>Header Files\Shader Files\OBSOLETE</Filter>
    </ClInclude>
    <ClInclude Include="Shader_Sobel.h">
      <Filter>Header Files\Shader Files\OBSOLETE</Filter>
    </ClInclude>
    <ClInclude Include="Shader_Texture.h">
      <Filter>Header Files\Shader Files\OBSOLETE</Filter>
    </ClInclude>
    <ClInclude Include="ShaderTEMPLATE.h">
      <Filter>Header Files\Shader Files</Filter>
    </ClInclude>
    <ClInclude Include="Light_Spot.h">
      <Filter>Header Files\Lighting</Filter>
    </ClInclude>
    <ClInclude Include="Actor_Light.h">
      <Filter>Header Files\Actors</Filter>
    </ClInclude>
    <ClInclude Include="Model_TexturedNM.h">
      <Filter>Header Files\Models</Filter>
    </ClInclude>
    <ClInclude Include="Physics.h">
      <Filter>Header Files</Filter>
    </ClInclude>
    <ClInclude Include="GameTimer.h">
      <Filter>Header Files</Filter>
    </ClInclude>
    <ClInclude Include="Scene.h">
      <Filter>Header Files</Filter>
    </ClInclude>
    <ClInclude Include="MathUtils.h">
      <Filter>Header Files\Utility Classes</Filter>
    </ClInclude>
    <ClInclude Include="DXUtils.h">
      <Filter>Header Files\Utility Classes</Filter>
    </ClInclude>
    <ClInclude Include="Light_Base.h">
      <Filter>Header Files\Lighting</Filter>
    </ClInclude>
    <ClInclude Include="Shader_NMap.h">
      <Filter>Header Files\Shader Files</Filter>
    </ClInclude>
    <ClInclude Include="GameEvent.h">
      <Filter>Header Files</Filter>
    </ClInclude>
    <ClInclude Include="Actor_Dynamic.h">
      <Filter>Header Files\Actors</Filter>
    </ClInclude>
    <ClInclude Include="Actor_Static.h">
      <Filter>Header Files\Actors</Filter>
    </ClInclude>
  </ItemGroup>
  <ItemGroup>
    <Text Include="..\Development Guidelines.txt">
      <Filter>Conventions</Filter>
    </Text>
    <Text Include="Devel_Template.txt">
      <Filter>Conventions</Filter>
    </Text>
  </ItemGroup>
  <ItemGroup>
    <FxCompile Include="Shaders\texture_vs.hlsl">
      <Filter>Source Files\Shader Files\Obsolete</Filter>
    </FxCompile>
    <FxCompile Include="Shaders\Color_ps.hlsl">
      <Filter>Source Files\Shader Files\Obsolete</Filter>
    </FxCompile>
    <FxCompile Include="Shaders\Color_vs.hlsl">
      <Filter>Source Files\Shader Files\Obsolete</Filter>
    </FxCompile>
    <FxCompile Include="Shaders\PointLight_ps.hlsl">
      <Filter>Source Files\Shader Files\Obsolete</Filter>
    </FxCompile>
    <FxCompile Include="Shaders\PointLight_vs.hlsl">
      <Filter>Source Files\Shader Files\Obsolete</Filter>
    </FxCompile>
    <FxCompile Include="Shaders\Sobel.hlsl">
      <Filter>Source Files\Shader Files\Obsolete</Filter>
    </FxCompile>
    <FxCompile Include="Shaders\texture_ps.hlsl">
      <Filter>Source Files\Shader Files\Obsolete</Filter>
    </FxCompile>
    <FxCompile Include="Shaders\Shader_ps.hlsl" />
    <FxCompile Include="Shaders\Shader_vs.hlsl" />
    <FxCompile Include="Shaders\NMap_vs.hlsl" />
    <FxCompile Include="Shaders\NMap_ps.hlsl" />
  </ItemGroup>
</Project>